// !$*UTF8*$!
{
	archiveVersion = 1;
	classes = {
	};
	objectVersion = 46;
	objects = {

/* Begin PBXBuildFile section */
		0C476BF71BB3EC2300CD15A6 /* main.m in Sources */ = {isa = PBXBuildFile; fileRef = 0C476BF61BB3EC2300CD15A6 /* main.m */; };
		0C476BFA1BB3EC2400CD15A6 /* AppDelegate.m in Sources */ = {isa = PBXBuildFile; fileRef = 0C476BF91BB3EC2400CD15A6 /* AppDelegate.m */; };
		0C476BFD1BB3EC2400CD15A6 /* ViewController.m in Sources */ = {isa = PBXBuildFile; fileRef = 0C476BFC1BB3EC2400CD15A6 /* ViewController.m */; };
		0C476C001BB3EC2400CD15A6 /* Main.storyboard in Resources */ = {isa = PBXBuildFile; fileRef = 0C476BFE1BB3EC2400CD15A6 /* Main.storyboard */; };
		0C476C021BB3EC2400CD15A6 /* Images.xcassets in Resources */ = {isa = PBXBuildFile; fileRef = 0C476C011BB3EC2400CD15A6 /* Images.xcassets */; };
		0C476C051BB3EC2400CD15A6 /* LaunchScreen.xib in Resources */ = {isa = PBXBuildFile; fileRef = 0C476C031BB3EC2400CD15A6 /* LaunchScreen.xib */; };
		0C476C111BB3EC2400CD15A6 /* PolyFeedsTests.m in Sources */ = {isa = PBXBuildFile; fileRef = 0C476C101BB3EC2400CD15A6 /* PolyFeedsTests.m */; };
		0C476C201BB3ECC300CD15A6 /* Logo_58.png in Resources */ = {isa = PBXBuildFile; fileRef = 0C476C1D1BB3ECC300CD15A6 /* Logo_58.png */; };
		0C476C211BB3ECC300CD15A6 /* Logo_80.png in Resources */ = {isa = PBXBuildFile; fileRef = 0C476C1E1BB3ECC300CD15A6 /* Logo_80.png */; };
		0C476C221BB3ECC300CD15A6 /* Logo_120.png in Resources */ = {isa = PBXBuildFile; fileRef = 0C476C1F1BB3ECC300CD15A6 /* Logo_120.png */; };
		0C476C251BB3F33D00CD15A6 /* SWRevealViewController.m in Sources */ = {isa = PBXBuildFile; fileRef = 0C476C241BB3F33D00CD15A6 /* SWRevealViewController.m */; };
		0C476C281BB3FB0600CD15A6 /* NavigationViewController.m in Sources */ = {isa = PBXBuildFile; fileRef = 0C476C271BB3FB0600CD15A6 /* NavigationViewController.m */; };
		0C85AF3A1BBE876700EF510C /* Item_Icon.png in Resources */ = {isa = PBXBuildFile; fileRef = 0C85AF391BBE876700EF510C /* Item_Icon.png */; settings = {ASSET_TAGS = (); }; };
		0C85AF401BBE8CC300EF510C /* Item01.png in Resources */ = {isa = PBXBuildFile; fileRef = 0C85AF3F1BBE8CC300EF510C /* Item01.png */; settings = {ASSET_TAGS = (); }; };
		0C8F2A1F1BBEC14E000737CA /* Icon_ItemP.png in Resources */ = {isa = PBXBuildFile; fileRef = 0C8F2A1E1BBEC14E000737CA /* Icon_ItemP.png */; settings = {ASSET_TAGS = (); }; };
		0CA3E3BF1BD6492B008F12A5 /* libsqlite3.tbd in Frameworks */ = {isa = PBXBuildFile; fileRef = 0CA3E3BE1BD6492B008F12A5 /* libsqlite3.tbd */; };
		0CA3E3C21BD6499C008F12A5 /* DBManager.m in Sources */ = {isa = PBXBuildFile; fileRef = 0CA3E3C11BD6499C008F12A5 /* DBManager.m */; settings = {ASSET_TAGS = (); }; };
/* End PBXBuildFile section */

/* Begin PBXContainerItemProxy section */
		0C476C0B1BB3EC2400CD15A6 /* PBXContainerItemProxy */ = {
			isa = PBXContainerItemProxy;
			containerPortal = 0C476BE91BB3EC2300CD15A6 /* Project object */;
			proxyType = 1;
			remoteGlobalIDString = 0C476BF01BB3EC2300CD15A6;
			remoteInfo = PolyFeeds;
		};
/* End PBXContainerItemProxy section */

/* Begin PBXFileReference section */
		0C476BF11BB3EC2300CD15A6 /* PolyFeeds.app */ = {isa = PBXFileReference; explicitFileType = wrapper.application; includeInIndex = 0; path = PolyFeeds.app; sourceTree = BUILT_PRODUCTS_DIR; };
		0C476BF51BB3EC2300CD15A6 /* Info.plist */ = {isa = PBXFileReference; lastKnownFileType = text.plist.xml; path = Info.plist; sourceTree = "<group>"; };
		0C476BF61BB3EC2300CD15A6 /* main.m */ = {isa = PBXFileReference; lastKnownFileType = sourcecode.c.objc; path = main.m; sourceTree = "<group>"; };
		0C476BF81BB3EC2300CD15A6 /* AppDelegate.h */ = {isa = PBXFileReference; lastKnownFileType = sourcecode.c.h; path = AppDelegate.h; sourceTree = "<group>"; };
		0C476BF91BB3EC2400CD15A6 /* AppDelegate.m */ = {isa = PBXFileReference; lastKnownFileType = sourcecode.c.objc; path = AppDelegate.m; sourceTree = "<group>"; };
		0C476BFB1BB3EC2400CD15A6 /* ViewController.h */ = {isa = PBXFileReference; lastKnownFileType = sourcecode.c.h; path = ViewController.h; sourceTree = "<group>"; };
		0C476BFC1BB3EC2400CD15A6 /* ViewController.m */ = {isa = PBXFileReference; lastKnownFileType = sourcecode.c.objc; path = ViewController.m; sourceTree = "<group>"; };
		0C476BFF1BB3EC2400CD15A6 /* Base */ = {isa = PBXFileReference; lastKnownFileType = file.storyboard; name = Base; path = Base.lproj/Main.storyboard; sourceTree = "<group>"; };
		0C476C011BB3EC2400CD15A6 /* Images.xcassets */ = {isa = PBXFileReference; lastKnownFileType = folder.assetcatalog; path = Images.xcassets; sourceTree = "<group>"; };
		0C476C041BB3EC2400CD15A6 /* Base */ = {isa = PBXFileReference; lastKnownFileType = file.xib; name = Base; path = Base.lproj/LaunchScreen.xib; sourceTree = "<group>"; };
		0C476C0A1BB3EC2400CD15A6 /* PolyFeedsTests.xctest */ = {isa = PBXFileReference; explicitFileType = wrapper.cfbundle; includeInIndex = 0; path = PolyFeedsTests.xctest; sourceTree = BUILT_PRODUCTS_DIR; };
		0C476C0F1BB3EC2400CD15A6 /* Info.plist */ = {isa = PBXFileReference; lastKnownFileType = text.plist.xml; path = Info.plist; sourceTree = "<group>"; };
		0C476C101BB3EC2400CD15A6 /* PolyFeedsTests.m */ = {isa = PBXFileReference; lastKnownFileType = sourcecode.c.objc; path = PolyFeedsTests.m; sourceTree = "<group>"; };
		0C476C1D1BB3ECC300CD15A6 /* Logo_58.png */ = {isa = PBXFileReference; lastKnownFileType = image.png; path = Logo_58.png; sourceTree = "<group>"; };
		0C476C1E1BB3ECC300CD15A6 /* Logo_80.png */ = {isa = PBXFileReference; lastKnownFileType = image.png; path = Logo_80.png; sourceTree = "<group>"; };
		0C476C1F1BB3ECC300CD15A6 /* Logo_120.png */ = {isa = PBXFileReference; lastKnownFileType = image.png; path = Logo_120.png; sourceTree = "<group>"; };
		0C476C231BB3F33D00CD15A6 /* SWRevealViewController.h */ = {isa = PBXFileReference; fileEncoding = 4; lastKnownFileType = sourcecode.c.h; path = SWRevealViewController.h; sourceTree = "<group>"; };
		0C476C241BB3F33D00CD15A6 /* SWRevealViewController.m */ = {isa = PBXFileReference; fileEncoding = 4; lastKnownFileType = sourcecode.c.objc; path = SWRevealViewController.m; sourceTree = "<group>"; };
		0C476C261BB3FB0600CD15A6 /* NavigationViewController.h */ = {isa = PBXFileReference; fileEncoding = 4; lastKnownFileType = sourcecode.c.h; path = NavigationViewController.h; sourceTree = "<group>"; };
		0C476C271BB3FB0600CD15A6 /* NavigationViewController.m */ = {isa = PBXFileReference; fileEncoding = 4; lastKnownFileType = sourcecode.c.objc; path = NavigationViewController.m; sourceTree = "<group>"; };
		0C85AF391BBE876700EF510C /* Item_Icon.png */ = {isa = PBXFileReference; lastKnownFileType = image.png; path = Item_Icon.png; sourceTree = "<group>"; };
		0C85AF3F1BBE8CC300EF510C /* Item01.png */ = {isa = PBXFileReference; lastKnownFileType = image.png; path = Item01.png; sourceTree = "<group>"; };
		0C8F2A1E1BBEC14E000737CA /* Icon_ItemP.png */ = {isa = PBXFileReference; lastKnownFileType = image.png; path = Icon_ItemP.png; sourceTree = "<group>"; };
		0CA3E3BE1BD6492B008F12A5 /* libsqlite3.tbd */ = {isa = PBXFileReference; lastKnownFileType = "sourcecode.text-based-dylib-definition"; name = libsqlite3.tbd; path = usr/lib/libsqlite3.tbd; sourceTree = SDKROOT; };
		0CA3E3C01BD6499C008F12A5 /* DBManager.h */ = {isa = PBXFileReference; fileEncoding = 4; lastKnownFileType = sourcecode.c.h; path = DBManager.h; sourceTree = "<group>"; };
		0CA3E3C11BD6499C008F12A5 /* DBManager.m */ = {isa = PBXFileReference; fileEncoding = 4; lastKnownFileType = sourcecode.c.objc; path = DBManager.m; sourceTree = "<group>"; };
/* End PBXFileReference section */

/* Begin PBXFrameworksBuildPhase section */
		0C476BEE1BB3EC2300CD15A6 /* Frameworks */ = {
			isa = PBXFrameworksBuildPhase;
			buildActionMask = 2147483647;
			files = (
				0CA3E3BF1BD6492B008F12A5 /* libsqlite3.tbd in Frameworks */,
			);
			runOnlyForDeploymentPostprocessing = 0;
		};
		0C476C071BB3EC2400CD15A6 /* Frameworks */ = {
			isa = PBXFrameworksBuildPhase;
			buildActionMask = 2147483647;
			files = (
			);
			runOnlyForDeploymentPostprocessing = 0;
		};
/* End PBXFrameworksBuildPhase section */

/* Begin PBXGroup section */
		0C476BE81BB3EC2300CD15A6 = {
			isa = PBXGroup;
			children = (
				0CA3E3C01BD6499C008F12A5 /* DBManager.h */,
				0CA3E3C11BD6499C008F12A5 /* DBManager.m */,
				0CA3E3BE1BD6492B008F12A5 /* libsqlite3.tbd */,
				0C476BF31BB3EC2300CD15A6 /* PolyFeeds */,
				0C476C0D1BB3EC2400CD15A6 /* PolyFeedsTests */,
				0C476BF21BB3EC2300CD15A6 /* Products */,
			);
			sourceTree = "<group>";
		};
		0C476BF21BB3EC2300CD15A6 /* Products */ = {
			isa = PBXGroup;
			children = (
				0C476BF11BB3EC2300CD15A6 /* PolyFeeds.app */,
				0C476C0A1BB3EC2400CD15A6 /* PolyFeedsTests.xctest */,
			);
			name = Products;
			sourceTree = "<group>";
		};
		0C476BF31BB3EC2300CD15A6 /* PolyFeeds */ = {
			isa = PBXGroup;
			children = (
				0C476C231BB3F33D00CD15A6 /* SWRevealViewController.h */,
				0C476C241BB3F33D00CD15A6 /* SWRevealViewController.m */,
				0C476BF81BB3EC2300CD15A6 /* AppDelegate.h */,
				0C476BF91BB3EC2400CD15A6 /* AppDelegate.m */,
				0C476BFB1BB3EC2400CD15A6 /* ViewController.h */,
				0C476BFC1BB3EC2400CD15A6 /* ViewController.m */,
				0C476BFE1BB3EC2400CD15A6 /* Main.storyboard */,
				0C476C261BB3FB0600CD15A6 /* NavigationViewController.h */,
				0C476C271BB3FB0600CD15A6 /* NavigationViewController.m */,
				0C476C011BB3EC2400CD15A6 /* Images.xcassets */,
				0C476C031BB3EC2400CD15A6 /* LaunchScreen.xib */,
				0C476BF41BB3EC2300CD15A6 /* Supporting Files */,
			);
			path = PolyFeeds;
			sourceTree = "<group>";
		};
		0C476BF41BB3EC2300CD15A6 /* Supporting Files */ = {
			isa = PBXGroup;
			children = (
				0C476C1D1BB3ECC300CD15A6 /* Logo_58.png */,
				0C476C1E1BB3ECC300CD15A6 /* Logo_80.png */,
				0C85AF3F1BBE8CC300EF510C /* Item01.png */,
				0C8F2A1E1BBEC14E000737CA /* Icon_ItemP.png */,
				0C476C1F1BB3ECC300CD15A6 /* Logo_120.png */,
				0C85AF391BBE876700EF510C /* Item_Icon.png */,
				0C476BF51BB3EC2300CD15A6 /* Info.plist */,
				0C476BF61BB3EC2300CD15A6 /* main.m */,
			);
			name = "Supporting Files";
			sourceTree = "<group>";
		};
		0C476C0D1BB3EC2400CD15A6 /* PolyFeedsTests */ = {
			isa = PBXGroup;
			children = (
				0C476C101BB3EC2400CD15A6 /* PolyFeedsTests.m */,
				0C476C0E1BB3EC2400CD15A6 /* Supporting Files */,
			);
			path = PolyFeedsTests;
			sourceTree = "<group>";
		};
		0C476C0E1BB3EC2400CD15A6 /* Supporting Files */ = {
			isa = PBXGroup;
			children = (
				0C476C0F1BB3EC2400CD15A6 /* Info.plist */,
			);
			name = "Supporting Files";
			sourceTree = "<group>";
		};
/* End PBXGroup section */

/* Begin PBXNativeTarget section */
		0C476BF01BB3EC2300CD15A6 /* PolyFeeds */ = {
			isa = PBXNativeTarget;
			buildConfigurationList = 0C476C141BB3EC2400CD15A6 /* Build configuration list for PBXNativeTarget "PolyFeeds" */;
			buildPhases = (
				0C476BED1BB3EC2300CD15A6 /* Sources */,
				0C476BEE1BB3EC2300CD15A6 /* Frameworks */,
				0C476BEF1BB3EC2300CD15A6 /* Resources */,
			);
			buildRules = (
			);
			dependencies = (
			);
			name = PolyFeeds;
			productName = PolyFeeds;
			productReference = 0C476BF11BB3EC2300CD15A6 /* PolyFeeds.app */;
			productType = "com.apple.product-type.application";
		};
		0C476C091BB3EC2400CD15A6 /* PolyFeedsTests */ = {
			isa = PBXNativeTarget;
			buildConfigurationList = 0C476C171BB3EC2400CD15A6 /* Build configuration list for PBXNativeTarget "PolyFeedsTests" */;
			buildPhases = (
				0C476C061BB3EC2400CD15A6 /* Sources */,
				0C476C071BB3EC2400CD15A6 /* Frameworks */,
				0C476C081BB3EC2400CD15A6 /* Resources */,
			);
			buildRules = (
			);
			dependencies = (
				0C476C0C1BB3EC2400CD15A6 /* PBXTargetDependency */,
			);
			name = PolyFeedsTests;
			productName = PolyFeedsTests;
			productReference = 0C476C0A1BB3EC2400CD15A6 /* PolyFeedsTests.xctest */;
			productType = "com.apple.product-type.bundle.unit-test";
		};
/* End PBXNativeTarget section */

/* Begin PBXProject section */
		0C476BE91BB3EC2300CD15A6 /* Project object */ = {
			isa = PBXProject;
			attributes = {
				LastUpgradeCheck = 0700;
				ORGANIZATIONNAME = "Gabin NIVERT";
				TargetAttributes = {
					0C476BF01BB3EC2300CD15A6 = {
						CreatedOnToolsVersion = 6.4;
						DevelopmentTeam = 2U3U84CFGP;
					};
					0C476C091BB3EC2400CD15A6 = {
						CreatedOnToolsVersion = 6.4;
						TestTargetID = 0C476BF01BB3EC2300CD15A6;
					};
				};
			};
			buildConfigurationList = 0C476BEC1BB3EC2300CD15A6 /* Build configuration list for PBXProject "PolyFeeds" */;
			compatibilityVersion = "Xcode 3.2";
			developmentRegion = English;
			hasScannedForEncodings = 0;
			knownRegions = (
				en,
				Base,
			);
			mainGroup = 0C476BE81BB3EC2300CD15A6;
			productRefGroup = 0C476BF21BB3EC2300CD15A6 /* Products */;
			projectDirPath = "";
			projectRoot = "";
			targets = (
				0C476BF01BB3EC2300CD15A6 /* PolyFeeds */,
				0C476C091BB3EC2400CD15A6 /* PolyFeedsTests */,
			);
		};
/* End PBXProject section */

/* Begin PBXResourcesBuildPhase section */
		0C476BEF1BB3EC2300CD15A6 /* Resources */ = {
			isa = PBXResourcesBuildPhase;
			buildActionMask = 2147483647;
			files = (
				0C476C001BB3EC2400CD15A6 /* Main.storyboard in Resources */,
				0C476C211BB3ECC300CD15A6 /* Logo_80.png in Resources */,
				0C85AF3A1BBE876700EF510C /* Item_Icon.png in Resources */,
				0C8F2A1F1BBEC14E000737CA /* Icon_ItemP.png in Resources */,
				0C476C221BB3ECC300CD15A6 /* Logo_120.png in Resources */,
				0C85AF401BBE8CC300EF510C /* Item01.png in Resources */,
				0C476C051BB3EC2400CD15A6 /* LaunchScreen.xib in Resources */,
				0C476C021BB3EC2400CD15A6 /* Images.xcassets in Resources */,
				0C476C201BB3ECC300CD15A6 /* Logo_58.png in Resources */,
			);
			runOnlyForDeploymentPostprocessing = 0;
		};
		0C476C081BB3EC2400CD15A6 /* Resources */ = {
			isa = PBXResourcesBuildPhase;
			buildActionMask = 2147483647;
			files = (
			);
			runOnlyForDeploymentPostprocessing = 0;
		};
/* End PBXResourcesBuildPhase section */

/* Begin PBXSourcesBuildPhase section */
		0C476BED1BB3EC2300CD15A6 /* Sources */ = {
			isa = PBXSourcesBuildPhase;
			buildActionMask = 2147483647;
			files = (
				0C476BFD1BB3EC2400CD15A6 /* ViewController.m in Sources */,
				0C476BFA1BB3EC2400CD15A6 /* AppDelegate.m in Sources */,
				0C476C281BB3FB0600CD15A6 /* NavigationViewController.m in Sources */,
				0CA3E3C21BD6499C008F12A5 /* DBManager.m in Sources */,
				0C476BF71BB3EC2300CD15A6 /* main.m in Sources */,
				0C476C251BB3F33D00CD15A6 /* SWRevealViewController.m in Sources */,
			);
			runOnlyForDeploymentPostprocessing = 0;
		};
		0C476C061BB3EC2400CD15A6 /* Sources */ = {
			isa = PBXSourcesBuildPhase;
			buildActionMask = 2147483647;
			files = (
				0C476C111BB3EC2400CD15A6 /* PolyFeedsTests.m in Sources */,
			);
			runOnlyForDeploymentPostprocessing = 0;
		};
/* End PBXSourcesBuildPhase section */

/* Begin PBXTargetDependency section */
		0C476C0C1BB3EC2400CD15A6 /* PBXTargetDependency */ = {
			isa = PBXTargetDependency;
			target = 0C476BF01BB3EC2300CD15A6 /* PolyFeeds */;
			targetProxy = 0C476C0B1BB3EC2400CD15A6 /* PBXContainerItemProxy */;
		};
/* End PBXTargetDependency section */

/* Begin PBXVariantGroup section */
		0C476BFE1BB3EC2400CD15A6 /* Main.storyboard */ = {
			isa = PBXVariantGroup;
			children = (
				0C476BFF1BB3EC2400CD15A6 /* Base */,
			);
			name = Main.storyboard;
			sourceTree = "<group>";
		};
		0C476C031BB3EC2400CD15A6 /* LaunchScreen.xib */ = {
			isa = PBXVariantGroup;
			children = (
				0C476C041BB3EC2400CD15A6 /* Base */,
			);
			name = LaunchScreen.xib;
			sourceTree = "<group>";
		};
/* End PBXVariantGroup section */

/* Begin XCBuildConfiguration section */
		0C476C121BB3EC2400CD15A6 /* Debug */ = {
			isa = XCBuildConfiguration;
			buildSettings = {
				ALWAYS_SEARCH_USER_PATHS = NO;
				CLANG_CXX_LANGUAGE_STANDARD = "gnu++0x";
				CLANG_CXX_LIBRARY = "libc++";
				CLANG_ENABLE_MODULES = YES;
				CLANG_ENABLE_OBJC_ARC = YES;
				CLANG_WARN_BOOL_CONVERSION = YES;
				CLANG_WARN_CONSTANT_CONVERSION = YES;
				CLANG_WARN_DIRECT_OBJC_ISA_USAGE = YES_ERROR;
				CLANG_WARN_EMPTY_BODY = YES;
				CLANG_WARN_ENUM_CONVERSION = YES;
				CLANG_WARN_INT_CONVERSION = YES;
				CLANG_WARN_OBJC_ROOT_CLASS = YES_ERROR;
				CLANG_WARN_UNREACHABLE_CODE = YES;
				CLANG_WARN__DUPLICATE_METHOD_MATCH = YES;
				"CODE_SIGN_IDENTITY[sdk=iphoneos*]" = "iPhone Developer";
				COPY_PHASE_STRIP = NO;
				DEBUG_INFORMATION_FORMAT = "dwarf-with-dsym";
				ENABLE_STRICT_OBJC_MSGSEND = YES;
				ENABLE_TESTABILITY = YES;
				GCC_C_LANGUAGE_STANDARD = gnu99;
				GCC_DYNAMIC_NO_PIC = NO;
				GCC_NO_COMMON_BLOCKS = YES;
				GCC_OPTIMIZATION_LEVEL = 0;
				GCC_PREPROCESSOR_DEFINITIONS = (
					"DEBUG=1",
					"$(inherited)",
				);
				GCC_SYMBOLS_PRIVATE_EXTERN = NO;
				GCC_WARN_64_TO_32_BIT_CONVERSION = YES;
				GCC_WARN_ABOUT_RETURN_TYPE = YES_ERROR;
				GCC_WARN_UNDECLARED_SELECTOR = YES;
				GCC_WARN_UNINITIALIZED_AUTOS = YES_AGGRESSIVE;
				GCC_WARN_UNUSED_FUNCTION = YES;
				GCC_WARN_UNUSED_VARIABLE = YES;
				IPHONEOS_DEPLOYMENT_TARGET = 8.4;
				MTL_ENABLE_DEBUG_INFO = YES;
				ONLY_ACTIVE_ARCH = YES;
				SDKROOT = iphoneos;
			};
			name = Debug;
		};
		0C476C131BB3EC2400CD15A6 /* Release */ = {
			isa = XCBuildConfiguration;
			buildSettings = {
				ALWAYS_SEARCH_USER_PATHS = NO;
				CLANG_CXX_LANGUAGE_STANDARD = "gnu++0x";
				CLANG_CXX_LIBRARY = "libc++";
				CLANG_ENABLE_MODULES = YES;
				CLANG_ENABLE_OBJC_ARC = YES;
				CLANG_WARN_BOOL_CONVERSION = YES;
				CLANG_WARN_CONSTANT_CONVERSION = YES;
				CLANG_WARN_DIRECT_OBJC_ISA_USAGE = YES_ERROR;
				CLANG_WARN_EMPTY_BODY = YES;
				CLANG_WARN_ENUM_CONVERSION = YES;
				CLANG_WARN_INT_CONVERSION = YES;
				CLANG_WARN_OBJC_ROOT_CLASS = YES_ERROR;
				CLANG_WARN_UNREACHABLE_CODE = YES;
				CLANG_WARN__DUPLICATE_METHOD_MATCH = YES;
				"CODE_SIGN_IDENTITY[sdk=iphoneos*]" = "iPhone Developer";
				COPY_PHASE_STRIP = NO;
				DEBUG_INFORMATION_FORMAT = "dwarf-with-dsym";
				ENABLE_NS_ASSERTIONS = NO;
				ENABLE_STRICT_OBJC_MSGSEND = YES;
				GCC_C_LANGUAGE_STANDARD = gnu99;
				GCC_NO_COMMON_BLOCKS = YES;
				GCC_WARN_64_TO_32_BIT_CONVERSION = YES;
				GCC_WARN_ABOUT_RETURN_TYPE = YES_ERROR;
				GCC_WARN_UNDECLARED_SELECTOR = YES;
				GCC_WARN_UNINITIALIZED_AUTOS = YES_AGGRESSIVE;
				GCC_WARN_UNUSED_FUNCTION = YES;
				GCC_WARN_UNUSED_VARIABLE = YES;
				IPHONEOS_DEPLOYMENT_TARGET = 8.4;
				MTL_ENABLE_DEBUG_INFO = NO;
				SDKROOT = iphoneos;
				VALIDATE_PRODUCT = YES;
			};
			name = Release;
		};
		0C476C151BB3EC2400CD15A6 /* Debug */ = {
			isa = XCBuildConfiguration;
			buildSettings = {
				ASSETCATALOG_COMPILER_APPICON_NAME = AppIcon;
				CODE_SIGN_IDENTITY = "iPhone Developer";
				"CODE_SIGN_IDENTITY[sdk=iphoneos*]" = "iPhone Developer";
				INFOPLIST_FILE = PolyFeeds/Info.plist;
				IPHONEOS_DEPLOYMENT_TARGET = 8.4;
				LD_RUNPATH_SEARCH_PATHS = "$(inherited) @executable_path/Frameworks";
				PRODUCT_BUNDLE_IDENTIFIER = "Projet.$(PRODUCT_NAME:rfc1034identifier)";
				PRODUCT_NAME = "$(TARGET_NAME)";
				PROVISIONING_PROFILE = "";
				SDKROOT = iphoneos;
			};
			name = Debug;
		};
		0C476C161BB3EC2400CD15A6 /* Release */ = {
			isa = XCBuildConfiguration;
			buildSettings = {
				ASSETCATALOG_COMPILER_APPICON_NAME = AppIcon;
				CODE_SIGN_IDENTITY = "iPhone Developer";
				"CODE_SIGN_IDENTITY[sdk=iphoneos*]" = "iPhone Developer";
				INFOPLIST_FILE = PolyFeeds/Info.plist;
				IPHONEOS_DEPLOYMENT_TARGET = 8.4;
				LD_RUNPATH_SEARCH_PATHS = "$(inherited) @executable_path/Frameworks";
				PRODUCT_BUNDLE_IDENTIFIER = "Projet.$(PRODUCT_NAME:rfc1034identifier)";
				PRODUCT_NAME = "$(TARGET_NAME)";
				PROVISIONING_PROFILE = "";
				SDKROOT = iphoneos;
			};
			name = Release;
		};
		0C476C181BB3EC2400CD15A6 /* Debug */ = {
			isa = XCBuildConfiguration;
			buildSettings = {
				BUNDLE_LOADER = "$(TEST_HOST)";
				FRAMEWORK_SEARCH_PATHS = (
					"$(SDKROOT)/Developer/Library/Frameworks",
					"$(inherited)",
				);
				GCC_PREPROCESSOR_DEFINITIONS = (
					"DEBUG=1",
					"$(inherited)",
				);
				INFOPLIST_FILE = PolyFeedsTests/Info.plist;
				LD_RUNPATH_SEARCH_PATHS = "$(inherited) @executable_path/Frameworks @loader_path/Frameworks";
				PRODUCT_BUNDLE_IDENTIFIER = "Projet.$(PRODUCT_NAME:rfc1034identifier)";
				PRODUCT_NAME = "$(TARGET_NAME)";
				TEST_HOST = "$(BUILT_PRODUCTS_DIR)/PolyFeeds.app/PolyFeeds";
			};
			name = Debug;
		};
		0C476C191BB3EC2400CD15A6 /* Release */ = {
			isa = XCBuildConfiguration;
			buildSettings = {
				BUNDLE_LOADER = "$(TEST_HOST)";
				FRAMEWORK_SEARCH_PATHS = (
					"$(SDKROOT)/Developer/Library/Frameworks",
					"$(inherited)",
				);
				INFOPLIST_FILE = PolyFeedsTests/Info.plist;
				LD_RUNPATH_SEARCH_PATHS = "$(inherited) @executable_path/Frameworks @loader_path/Frameworks";
				PRODUCT_BUNDLE_IDENTIFIER = "Projet.$(PRODUCT_NAME:rfc1034identifier)";
				PRODUCT_NAME = "$(TARGET_NAME)";
				TEST_HOST = "$(BUILT_PRODUCTS_DIR)/PolyFeeds.app/PolyFeeds";
			};
			name = Release;
		};
/* End XCBuildConfiguration section */

/* Begin XCConfigurationList section */
		0C476BEC1BB3EC2300CD15A6 /* Build configuration list for PBXProject "PolyFeeds" */ = {
			isa = XCConfigurationList;
			buildConfigurations = (
				0C476C121BB3EC2400CD15A6 /* Debug */,
				0C476C131BB3EC2400CD15A6 /* Release */,
			);
			defaultConfigurationIsVisible = 0;
			defaultConfigurationName = Release;
		};
		0C476C141BB3EC2400CD15A6 /* Build configuration list for PBXNativeTarget "PolyFeeds" */ = {
			isa = XCConfigurationList;
			buildConfigurations = (
				0C476C151BB3EC2400CD15A6 /* Debug */,
				0C476C161BB3EC2400CD15A6 /* Release */,
			);
			defaultConfigurationIsVisible = 0;
			defaultConfigurationName = Release;
		};
		0C476C171BB3EC2400CD15A6 /* Build configuration list for PBXNativeTarget "PolyFeedsTests" */ = {
			isa = XCConfigurationList;
			buildConfigurations = (
				0C476C181BB3EC2400CD15A6 /* Debug */,
				0C476C191BB3EC2400CD15A6 /* Release */,
			);
			defaultConfigurationIsVisible = 0;
			defaultConfigurationName = Release;
		};
/* End XCConfigurationList section */
	};
	rootObject = 0C476BE91BB3EC2300CD15A6 /* Project object */;
}
