// !$*UTF8*$!
{
	archiveVersion = 1;
	classes = {
	};
	objectVersion = 46;
	objects = {

/* Begin PBXBuildFile section */
		0C8B78581BA2E2400099EC18 /* main.m in Sources */ = {isa = PBXBuildFile; fileRef = 0C8B78571BA2E2400099EC18 /* main.m */; };
		0C8B785B1BA2E2400099EC18 /* AppDelegate.m in Sources */ = {isa = PBXBuildFile; fileRef = 0C8B785A1BA2E2400099EC18 /* AppDelegate.m */; };
		0C8B785E1BA2E2400099EC18 /* ViewController.m in Sources */ = {isa = PBXBuildFile; fileRef = 0C8B785D1BA2E2400099EC18 /* ViewController.m */; };
		0C8B78611BA2E2400099EC18 /* Main.storyboard in Resources */ = {isa = PBXBuildFile; fileRef = 0C8B785F1BA2E2400099EC18 /* Main.storyboard */; };
		0C8B78631BA2E2400099EC18 /* Images.xcassets in Resources */ = {isa = PBXBuildFile; fileRef = 0C8B78621BA2E2400099EC18 /* Images.xcassets */; };
		0C8B78661BA2E2400099EC18 /* LaunchScreen.xib in Resources */ = {isa = PBXBuildFile; fileRef = 0C8B78641BA2E2400099EC18 /* LaunchScreen.xib */; };
		0C8B78721BA2E2410099EC18 /* PolyFeedsTests.m in Sources */ = {isa = PBXBuildFile; fileRef = 0C8B78711BA2E2410099EC18 /* PolyFeedsTests.m */; };
		0CB518D71BA2E2C200CFC584 /* Logo_58.png in Resources */ = {isa = PBXBuildFile; fileRef = 0CB518D41BA2E2C200CFC584 /* Logo_58.png */; };
		0CB518D81BA2E2C200CFC584 /* Logo_80.png in Resources */ = {isa = PBXBuildFile; fileRef = 0CB518D51BA2E2C200CFC584 /* Logo_80.png */; };
		0CB518D91BA2E2C200CFC584 /* Logo_120.png in Resources */ = {isa = PBXBuildFile; fileRef = 0CB518D61BA2E2C200CFC584 /* Logo_120.png */; };
/* End PBXBuildFile section */

/* Begin PBXContainerItemProxy section */
		0C8B786C1BA2E2400099EC18 /* PBXContainerItemProxy */ = {
			isa = PBXContainerItemProxy;
			containerPortal = 0C8B784A1BA2E2400099EC18 /* Project object */;
			proxyType = 1;
			remoteGlobalIDString = 0C8B78511BA2E2400099EC18;
			remoteInfo = PolyFeeds;
		};
/* End PBXContainerItemProxy section */

/* Begin PBXFileReference section */
		0C8B78521BA2E2400099EC18 /* PolyFeeds.app */ = {isa = PBXFileReference; explicitFileType = wrapper.application; includeInIndex = 0; path = PolyFeeds.app; sourceTree = BUILT_PRODUCTS_DIR; };
		0C8B78561BA2E2400099EC18 /* Info.plist */ = {isa = PBXFileReference; lastKnownFileType = text.plist.xml; path = Info.plist; sourceTree = "<group>"; };
		0C8B78571BA2E2400099EC18 /* main.m */ = {isa = PBXFileReference; lastKnownFileType = sourcecode.c.objc; path = main.m; sourceTree = "<group>"; };
		0C8B78591BA2E2400099EC18 /* AppDelegate.h */ = {isa = PBXFileReference; lastKnownFileType = sourcecode.c.h; path = AppDelegate.h; sourceTree = "<group>"; };
		0C8B785A1BA2E2400099EC18 /* AppDelegate.m */ = {isa = PBXFileReference; lastKnownFileType = sourcecode.c.objc; path = AppDelegate.m; sourceTree = "<group>"; };
		0C8B785C1BA2E2400099EC18 /* ViewController.h */ = {isa = PBXFileReference; lastKnownFileType = sourcecode.c.h; path = ViewController.h; sourceTree = "<group>"; };
		0C8B785D1BA2E2400099EC18 /* ViewController.m */ = {isa = PBXFileReference; lastKnownFileType = sourcecode.c.objc; path = ViewController.m; sourceTree = "<group>"; };
		0C8B78601BA2E2400099EC18 /* Base */ = {isa = PBXFileReference; lastKnownFileType = file.storyboard; name = Base; path = Base.lproj/Main.storyboard; sourceTree = "<group>"; };
		0C8B78621BA2E2400099EC18 /* Images.xcassets */ = {isa = PBXFileReference; lastKnownFileType = folder.assetcatalog; path = Images.xcassets; sourceTree = "<group>"; };
		0C8B78651BA2E2400099EC18 /* Base */ = {isa = PBXFileReference; lastKnownFileType = file.xib; name = Base; path = Base.lproj/LaunchScreen.xib; sourceTree = "<group>"; };
		0C8B786B1BA2E2400099EC18 /* PolyFeedsTests.xctest */ = {isa = PBXFileReference; explicitFileType = wrapper.cfbundle; includeInIndex = 0; path = PolyFeedsTests.xctest; sourceTree = BUILT_PRODUCTS_DIR; };
		0C8B78701BA2E2410099EC18 /* Info.plist */ = {isa = PBXFileReference; lastKnownFileType = text.plist.xml; path = Info.plist; sourceTree = "<group>"; };
		0C8B78711BA2E2410099EC18 /* PolyFeedsTests.m */ = {isa = PBXFileReference; lastKnownFileType = sourcecode.c.objc; path = PolyFeedsTests.m; sourceTree = "<group>"; };
		0CB518D41BA2E2C200CFC584 /* Logo_58.png */ = {isa = PBXFileReference; lastKnownFileType = image.png; path = Logo_58.png; sourceTree = "<group>"; };
		0CB518D51BA2E2C200CFC584 /* Logo_80.png */ = {isa = PBXFileReference; lastKnownFileType = image.png; path = Logo_80.png; sourceTree = "<group>"; };
		0CB518D61BA2E2C200CFC584 /* Logo_120.png */ = {isa = PBXFileReference; lastKnownFileType = image.png; path = Logo_120.png; sourceTree = "<group>"; };
/* End PBXFileReference section */

/* Begin PBXFrameworksBuildPhase section */
		0C8B784F1BA2E2400099EC18 /* Frameworks */ = {
			isa = PBXFrameworksBuildPhase;
			buildActionMask = 2147483647;
			files = (
			);
			runOnlyForDeploymentPostprocessing = 0;
		};
		0C8B78681BA2E2400099EC18 /* Frameworks */ = {
			isa = PBXFrameworksBuildPhase;
			buildActionMask = 2147483647;
			files = (
			);
			runOnlyForDeploymentPostprocessing = 0;
		};
/* End PBXFrameworksBuildPhase section */

/* Begin PBXGroup section */
		0C8B78491BA2E2400099EC18 = {
			isa = PBXGroup;
			children = (
				0C8B78541BA2E2400099EC18 /* PolyFeeds */,
				0C8B786E1BA2E2410099EC18 /* PolyFeedsTests */,
				0C8B78531BA2E2400099EC18 /* Products */,
			);
			sourceTree = "<group>";
		};
		0C8B78531BA2E2400099EC18 /* Products */ = {
			isa = PBXGroup;
			children = (
				0C8B78521BA2E2400099EC18 /* PolyFeeds.app */,
				0C8B786B1BA2E2400099EC18 /* PolyFeedsTests.xctest */,
			);
			name = Products;
			sourceTree = "<group>";
		};
		0C8B78541BA2E2400099EC18 /* PolyFeeds */ = {
			isa = PBXGroup;
			children = (
				0C8B78591BA2E2400099EC18 /* AppDelegate.h */,
				0C8B785A1BA2E2400099EC18 /* AppDelegate.m */,
				0C8B785C1BA2E2400099EC18 /* ViewController.h */,
				0C8B785D1BA2E2400099EC18 /* ViewController.m */,
				0C8B785F1BA2E2400099EC18 /* Main.storyboard */,
				0C8B78621BA2E2400099EC18 /* Images.xcassets */,
				0C8B78641BA2E2400099EC18 /* LaunchScreen.xib */,
				0C8B78551BA2E2400099EC18 /* Supporting Files */,
			);
			path = PolyFeeds;
			sourceTree = "<group>";
		};
		0C8B78551BA2E2400099EC18 /* Supporting Files */ = {
			isa = PBXGroup;
			children = (
				0CB518D41BA2E2C200CFC584 /* Logo_58.png */,
				0CB518D51BA2E2C200CFC584 /* Logo_80.png */,
				0CB518D61BA2E2C200CFC584 /* Logo_120.png */,
				0C8B78561BA2E2400099EC18 /* Info.plist */,
				0C8B78571BA2E2400099EC18 /* main.m */,
			);
			name = "Supporting Files";
			sourceTree = "<group>";
		};
		0C8B786E1BA2E2410099EC18 /* PolyFeedsTests */ = {
			isa = PBXGroup;
			children = (
				0C8B78711BA2E2410099EC18 /* PolyFeedsTests.m */,
				0C8B786F1BA2E2410099EC18 /* Supporting Files */,
			);
			path = PolyFeedsTests;
			sourceTree = "<group>";
		};
		0C8B786F1BA2E2410099EC18 /* Supporting Files */ = {
			isa = PBXGroup;
			children = (
				0C8B78701BA2E2410099EC18 /* Info.plist */,
			);
			name = "Supporting Files";
			sourceTree = "<group>";
		};
/* End PBXGroup section */

/* Begin PBXNativeTarget section */
		0C8B78511BA2E2400099EC18 /* PolyFeeds */ = {
			isa = PBXNativeTarget;
			buildConfigurationList = 0C8B78751BA2E2410099EC18 /* Build configuration list for PBXNativeTarget "PolyFeeds" */;
			buildPhases = (
				0C8B784E1BA2E2400099EC18 /* Sources */,
				0C8B784F1BA2E2400099EC18 /* Frameworks */,
				0C8B78501BA2E2400099EC18 /* Resources */,
			);
			buildRules = (
			);
			dependencies = (
			);
			name = PolyFeeds;
			productName = PolyFeeds;
			productReference = 0C8B78521BA2E2400099EC18 /* PolyFeeds.app */;
			productType = "com.apple.product-type.application";
		};
		0C8B786A1BA2E2400099EC18 /* PolyFeedsTests */ = {
			isa = PBXNativeTarget;
			buildConfigurationList = 0C8B78781BA2E2410099EC18 /* Build configuration list for PBXNativeTarget "PolyFeedsTests" */;
			buildPhases = (
				0C8B78671BA2E2400099EC18 /* Sources */,
				0C8B78681BA2E2400099EC18 /* Frameworks */,
				0C8B78691BA2E2400099EC18 /* Resources */,
			);
			buildRules = (
			);
			dependencies = (
				0C8B786D1BA2E2400099EC18 /* PBXTargetDependency */,
			);
			name = PolyFeedsTests;
			productName = PolyFeedsTests;
			productReference = 0C8B786B1BA2E2400099EC18 /* PolyFeedsTests.xctest */;
			productType = "com.apple.product-type.bundle.unit-test";
		};
/* End PBXNativeTarget section */

/* Begin PBXProject section */
		0C8B784A1BA2E2400099EC18 /* Project object */ = {
			isa = PBXProject;
			attributes = {
				LastUpgradeCheck = 0640;
				ORGANIZATIONNAME = "Gabin NIVERT";
				TargetAttributes = {
					0C8B78511BA2E2400099EC18 = {
						CreatedOnToolsVersion = 6.4;
					};
					0C8B786A1BA2E2400099EC18 = {
						CreatedOnToolsVersion = 6.4;
						TestTargetID = 0C8B78511BA2E2400099EC18;
					};
				};
			};
			buildConfigurationList = 0C8B784D1BA2E2400099EC18 /* Build configuration list for PBXProject "PolyFeeds" */;
			compatibilityVersion = "Xcode 3.2";
			developmentRegion = English;
			hasScannedForEncodings = 0;
			knownRegions = (
				en,
				Base,
			);
			mainGroup = 0C8B78491BA2E2400099EC18;
			productRefGroup = 0C8B78531BA2E2400099EC18 /* Products */;
			projectDirPath = "";
			projectRoot = "";
			targets = (
				0C8B78511BA2E2400099EC18 /* PolyFeeds */,
				0C8B786A1BA2E2400099EC18 /* PolyFeedsTests */,
			);
		};
/* End PBXProject section */

/* Begin PBXResourcesBuildPhase section */
		0C8B78501BA2E2400099EC18 /* Resources */ = {
			isa = PBXResourcesBuildPhase;
			buildActionMask = 2147483647;
			files = (
				0C8B78611BA2E2400099EC18 /* Main.storyboard in Resources */,
				0CB518D81BA2E2C200CFC584 /* Logo_80.png in Resources */,
				0CB518D91BA2E2C200CFC584 /* Logo_120.png in Resources */,
				0C8B78661BA2E2400099EC18 /* LaunchScreen.xib in Resources */,
				0C8B78631BA2E2400099EC18 /* Images.xcassets in Resources */,
				0CB518D71BA2E2C200CFC584 /* Logo_58.png in Resources */,
			);
			runOnlyForDeploymentPostprocessing = 0;
		};
		0C8B78691BA2E2400099EC18 /* Resources */ = {
			isa = PBXResourcesBuildPhase;
			buildActionMask = 2147483647;
			files = (
			);
			runOnlyForDeploymentPostprocessing = 0;
		};
/* End PBXResourcesBuildPhase section */

/* Begin PBXSourcesBuildPhase section */
		0C8B784E1BA2E2400099EC18 /* Sources */ = {
			isa = PBXSourcesBuildPhase;
			buildActionMask = 2147483647;
			files = (
				0C8B785E1BA2E2400099EC18 /* ViewController.m in Sources */,
				0C8B785B1BA2E2400099EC18 /* AppDelegate.m in Sources */,
				0C8B78581BA2E2400099EC18 /* main.m in Sources */,
			);
			runOnlyForDeploymentPostprocessing = 0;
		};
		0C8B78671BA2E2400099EC18 /* Sources */ = {
			isa = PBXSourcesBuildPhase;
			buildActionMask = 2147483647;
			files = (
				0C8B78721BA2E2410099EC18 /* PolyFeedsTests.m in Sources */,
			);
			runOnlyForDeploymentPostprocessing = 0;
		};
/* End PBXSourcesBuildPhase section */

/* Begin PBXTargetDependency section */
		0C8B786D1BA2E2400099EC18 /* PBXTargetDependency */ = {
			isa = PBXTargetDependency;
			target = 0C8B78511BA2E2400099EC18 /* PolyFeeds */;
			targetProxy = 0C8B786C1BA2E2400099EC18 /* PBXContainerItemProxy */;
		};
/* End PBXTargetDependency section */

/* Begin PBXVariantGroup section */
		0C8B785F1BA2E2400099EC18 /* Main.storyboard */ = {
			isa = PBXVariantGroup;
			children = (
				0C8B78601BA2E2400099EC18 /* Base */,
			);
			name = Main.storyboard;
			sourceTree = "<group>";
		};
		0C8B78641BA2E2400099EC18 /* LaunchScreen.xib */ = {
			isa = PBXVariantGroup;
			children = (
				0C8B78651BA2E2400099EC18 /* Base */,
			);
			name = LaunchScreen.xib;
			sourceTree = "<group>";
		};
/* End PBXVariantGroup section */

/* Begin XCBuildConfiguration section */
		0C8B78731BA2E2410099EC18 /* Debug */ = {
			isa = XCBuildConfiguration;
			buildSettings = {
				ALWAYS_SEARCH_USER_PATHS = NO;
				CLANG_CXX_LANGUAGE_STANDARD = "gnu++0x";
				CLANG_CXX_LIBRARY = "libc++";
				CLANG_ENABLE_MODULES = YES;
				CLANG_ENABLE_OBJC_ARC = YES;
				CLANG_WARN_BOOL_CONVERSION = YES;
				CLANG_WARN_CONSTANT_CONVERSION = YES;
				CLANG_WARN_DIRECT_OBJC_ISA_USAGE = YES_ERROR;
				CLANG_WARN_EMPTY_BODY = YES;
				CLANG_WARN_ENUM_CONVERSION = YES;
				CLANG_WARN_INT_CONVERSION = YES;
				CLANG_WARN_OBJC_ROOT_CLASS = YES_ERROR;
				CLANG_WARN_UNREACHABLE_CODE = YES;
				CLANG_WARN__DUPLICATE_METHOD_MATCH = YES;
				"CODE_SIGN_IDENTITY[sdk=iphoneos*]" = "iPhone Developer";
				COPY_PHASE_STRIP = NO;
				DEBUG_INFORMATION_FORMAT = "dwarf-with-dsym";
				ENABLE_STRICT_OBJC_MSGSEND = YES;
				GCC_C_LANGUAGE_STANDARD = gnu99;
				GCC_DYNAMIC_NO_PIC = NO;
				GCC_NO_COMMON_BLOCKS = YES;
				GCC_OPTIMIZATION_LEVEL = 0;
				GCC_PREPROCESSOR_DEFINITIONS = (
					"DEBUG=1",
					"$(inherited)",
				);
				GCC_SYMBOLS_PRIVATE_EXTERN = NO;
				GCC_WARN_64_TO_32_BIT_CONVERSION = YES;
				GCC_WARN_ABOUT_RETURN_TYPE = YES_ERROR;
				GCC_WARN_UNDECLARED_SELECTOR = YES;
				GCC_WARN_UNINITIALIZED_AUTOS = YES_AGGRESSIVE;
				GCC_WARN_UNUSED_FUNCTION = YES;
				GCC_WARN_UNUSED_VARIABLE = YES;
				IPHONEOS_DEPLOYMENT_TARGET = 8.4;
				MTL_ENABLE_DEBUG_INFO = YES;
				ONLY_ACTIVE_ARCH = YES;
				SDKROOT = iphoneos;
			};
			name = Debug;
		};
		0C8B78741BA2E2410099EC18 /* Release */ = {
			isa = XCBuildConfiguration;
			buildSettings = {
				ALWAYS_SEARCH_USER_PATHS = NO;
				CLANG_CXX_LANGUAGE_STANDARD = "gnu++0x";
				CLANG_CXX_LIBRARY = "libc++";
				CLANG_ENABLE_MODULES = YES;
				CLANG_ENABLE_OBJC_ARC = YES;
				CLANG_WARN_BOOL_CONVERSION = YES;
				CLANG_WARN_CONSTANT_CONVERSION = YES;
				CLANG_WARN_DIRECT_OBJC_ISA_USAGE = YES_ERROR;
				CLANG_WARN_EMPTY_BODY = YES;
				CLANG_WARN_ENUM_CONVERSION = YES;
				CLANG_WARN_INT_CONVERSION = YES;
				CLANG_WARN_OBJC_ROOT_CLASS = YES_ERROR;
				CLANG_WARN_UNREACHABLE_CODE = YES;
				CLANG_WARN__DUPLICATE_METHOD_MATCH = YES;
				"CODE_SIGN_IDENTITY[sdk=iphoneos*]" = "iPhone Developer";
				COPY_PHASE_STRIP = NO;
				DEBUG_INFORMATION_FORMAT = "dwarf-with-dsym";
				ENABLE_NS_ASSERTIONS = NO;
				ENABLE_STRICT_OBJC_MSGSEND = YES;
				GCC_C_LANGUAGE_STANDARD = gnu99;
				GCC_NO_COMMON_BLOCKS = YES;
				GCC_WARN_64_TO_32_BIT_CONVERSION = YES;
				GCC_WARN_ABOUT_RETURN_TYPE = YES_ERROR;
				GCC_WARN_UNDECLARED_SELECTOR = YES;
				GCC_WARN_UNINITIALIZED_AUTOS = YES_AGGRESSIVE;
				GCC_WARN_UNUSED_FUNCTION = YES;
				GCC_WARN_UNUSED_VARIABLE = YES;
				IPHONEOS_DEPLOYMENT_TARGET = 8.4;
				MTL_ENABLE_DEBUG_INFO = NO;
				SDKROOT = iphoneos;
				VALIDATE_PRODUCT = YES;
			};
			name = Release;
		};
		0C8B78761BA2E2410099EC18 /* Debug */ = {
			isa = XCBuildConfiguration;
			buildSettings = {
				ASSETCATALOG_COMPILER_APPICON_NAME = AppIcon;
				INFOPLIST_FILE = PolyFeeds/Info.plist;
				LD_RUNPATH_SEARCH_PATHS = "$(inherited) @executable_path/Frameworks";
				PRODUCT_NAME = "$(TARGET_NAME)";
				TARGETED_DEVICE_FAMILY = 1;
			};
			name = Debug;
		};
		0C8B78771BA2E2410099EC18 /* Release */ = {
			isa = XCBuildConfiguration;
			buildSettings = {
				ASSETCATALOG_COMPILER_APPICON_NAME = AppIcon;
				INFOPLIST_FILE = PolyFeeds/Info.plist;
				LD_RUNPATH_SEARCH_PATHS = "$(inherited) @executable_path/Frameworks";
				PRODUCT_NAME = "$(TARGET_NAME)";
				TARGETED_DEVICE_FAMILY = 1;
			};
			name = Release;
		};
		0C8B78791BA2E2410099EC18 /* Debug */ = {
			isa = XCBuildConfiguration;
			buildSettings = {
				BUNDLE_LOADER = "$(TEST_HOST)";
				FRAMEWORK_SEARCH_PATHS = (
					"$(SDKROOT)/Developer/Library/Frameworks",
					"$(inherited)",
				);
				GCC_PREPROCESSOR_DEFINITIONS = (
					"DEBUG=1",
					"$(inherited)",
				);
				INFOPLIST_FILE = PolyFeedsTests/Info.plist;
				LD_RUNPATH_SEARCH_PATHS = "$(inherited) @executable_path/Frameworks @loader_path/Frameworks";
				PRODUCT_NAME = "$(TARGET_NAME)";
				TEST_HOST = "$(BUILT_PRODUCTS_DIR)/PolyFeeds.app/PolyFeeds";
			};
			name = Debug;
		};
		0C8B787A1BA2E2410099EC18 /* Release */ = {
			isa = XCBuildConfiguration;
			buildSettings = {
				BUNDLE_LOADER = "$(TEST_HOST)";
				FRAMEWORK_SEARCH_PATHS = (
					"$(SDKROOT)/Developer/Library/Frameworks",
					"$(inherited)",
				);
				INFOPLIST_FILE = PolyFeedsTests/Info.plist;
				LD_RUNPATH_SEARCH_PATHS = "$(inherited) @executable_path/Frameworks @loader_path/Frameworks";
				PRODUCT_NAME = "$(TARGET_NAME)";
				TEST_HOST = "$(BUILT_PRODUCTS_DIR)/PolyFeeds.app/PolyFeeds";
			};
			name = Release;
		};
/* End XCBuildConfiguration section */

/* Begin XCConfigurationList section */
		0C8B784D1BA2E2400099EC18 /* Build configuration list for PBXProject "PolyFeeds" */ = {
			isa = XCConfigurationList;
			buildConfigurations = (
				0C8B78731BA2E2410099EC18 /* Debug */,
				0C8B78741BA2E2410099EC18 /* Release */,
			);
			defaultConfigurationIsVisible = 0;
			defaultConfigurationName = Release;
		};
		0C8B78751BA2E2410099EC18 /* Build configuration list for PBXNativeTarget "PolyFeeds" */ = {
			isa = XCConfigurationList;
			buildConfigurations = (
				0C8B78761BA2E2410099EC18 /* Debug */,
				0C8B78771BA2E2410099EC18 /* Release */,
			);
			defaultConfigurationIsVisible = 0;
			defaultConfigurationName = Release;
		};
		0C8B78781BA2E2410099EC18 /* Build configuration list for PBXNativeTarget "PolyFeedsTests" */ = {
			isa = XCConfigurationList;
			buildConfigurations = (
				0C8B78791BA2E2410099EC18 /* Debug */,
				0C8B787A1BA2E2410099EC18 /* Release */,
			);
			defaultConfigurationIsVisible = 0;
			defaultConfigurationName = Release;
		};
/* End XCConfigurationList section */
	};
	rootObject = 0C8B784A1BA2E2400099EC18 /* Project object */;
}
